
Microsoft Visual Studio Solution File, Format Version 12.00
# Visual Studio Version 17
VisualStudioVersion = 17.10.35013.160
MinimumVisualStudioVersion = 10.0.40219.1
Project("{FAE04EC0-301F-11D3-BF4B-00C04F79EFBC}") = "WorldCup.TeamManager", "WorldCup.TeamManager\WorldCup.TeamManager.csproj", "{CFE06204-ED10-48F6-90F3-8495E86AB30C}"
EndProject
Project("{FAE04EC0-301F-11D3-BF4B-00C04F79EFBC}") = "WorldCup.TeamManagerTests", "WorldCup.TeamManagerTests\WorldCup.TeamManagerTests.csproj", "{961B5653-6165-428C-BB5D-70B510378C74}"
EndProject
Global
	GlobalSection(SolutionConfigurationPlatforms) = preSolution
		Debug|Any CPU = Debug|Any CPU
		Release|Any CPU = Release|Any CPU
	EndGlobalSection
	GlobalSection(ProjectConfigurationPlatforms) = postSolution
		{CFE06204-ED10-48F6-90F3-8495E86AB30C}.Debug|Any CPU.ActiveCfg = Debug|Any CPU
		{CFE06204-ED10-48F6-90F3-8495E86AB30C}.Debug|Any CPU.Build.0 = Debug|Any CPU
		{CFE06204-ED10-48F6-90F3-8495E86AB30C}.Release|Any CPU.ActiveCfg = Release|Any CPU
		{CFE06204-ED10-48F6-90F3-8495E86AB30C}.Release|Any CPU.Build.0 = Release|Any CPU
		{961B5653-6165-428C-BB5D-70B510378C74}.Debug|Any CPU.ActiveCfg = Debug|Any CPU
		{961B5653-6165-428C-BB5D-70B510378C74}.Debug|Any CPU.Build.0 = Debug|Any CPU
		{961B5653-6165-428C-BB5D-70B510378C74}.Release|Any CPU.ActiveCfg = Release|Any CPU
		{961B5653-6165-428C-BB5D-70B510378C74}.Release|Any CPU.Build.0 = Release|Any CPU
	EndGlobalSection
	GlobalSection(SolutionProperties) = preSolution
		HideSolutionNode = FALSE
	EndGlobalSection
	GlobalSection(ExtensibilityGlobals) = postSolution
		SolutionGuid = {92ED1F03-837D-41A2-8AF1-DFED2C5D684C}
	EndGlobalSection
EndGlobal
